<?xml version="1.0" encoding="utf-8"?>
<Project ToolsVersion="4.0" xmlns="http://schemas.microsoft.com/developer/msbuild/2003">
  <ItemGroup>
    <Filter Include="Source Files">
      <UniqueIdentifier>{4FC737F1-C7A5-4376-A066-2A32D752A2FF}</UniqueIdentifier>
      <Extensions>cpp;c;cc;cxx;def;odl;idl;hpj;bat;asm;asmx</Extensions>
    </Filter>
    <Filter Include="Header Files">
      <UniqueIdentifier>{93995380-89BD-4b04-88EB-625FBE52EBFB}</UniqueIdentifier>
      <Extensions>h;hh;hpp;hxx;hm;inl;inc;xsd</Extensions>
    </Filter>
    <Filter Include="Misc Files">
      <UniqueIdentifier>{67DA6AB6-F800-4c08-8B7A-83BB121AAD01}</UniqueIdentifier>
      <Extensions>xml;json;txt;rc;ico;cur;bmp;dlg;rc2;rct;bin;rgs;gif;jpg;jpeg;jpe;resx;tiff;tif;png;wav;mfcribbon-ms</Extensions>
    </Filter>
    <Filter Include="Source Files\Views">
      <UniqueIdentifier>{4ee9b19a-bdae-43fc-aa0f-b83e83172d2c}</UniqueIdentifier>
    </Filter>
    <Filter Include="Header Files\Display Interface">
      <UniqueIdentifier>{0ab13f36-d21b-4399-be41-e93d8ee3979b}</UniqueIdentifier>
    </Filter>
    <Filter Include="Header Files\Views">
      <UniqueIdentifier>{9c714d7a-71bf-4364-aece-08074d226480}</UniqueIdentifier>
    </Filter>
    <Filter Include="Header Files\Views\Config">
      <UniqueIdentifier>{bc39ac06-9269-4e26-b19d-e9abe308ecb0}</UniqueIdentifier>
    </Filter>
    <Filter Include="Header Files\Views\Main">
      <UniqueIdentifier>{aa927275-4359-4e83-acda-b10b5c81597a}</UniqueIdentifier>
    </Filter>
    <Filter Include="Source Files\Views\Config">
      <UniqueIdentifier>{dd9b0375-2c18-49d4-a581-18d9a493436a}</UniqueIdentifier>
    </Filter>
    <Filter Include="Source Files\Views\Main">
      <UniqueIdentifier>{d091749f-aa55-4732-981f-146b5350a3f0}</UniqueIdentifier>
    </Filter>
    <Filter Include="Header Files\Views\Splash">
      <UniqueIdentifier>{57baff75-4a74-4453-817d-89a78bc704e8}</UniqueIdentifier>
    </Filter>
    <Filter Include="Source Files\Views\Splash">
      <UniqueIdentifier>{3b5e756e-687f-47f3-8ac5-108af007e7df}</UniqueIdentifier>
    </Filter>
    <Filter Include="Source Files\Models">
      <UniqueIdentifier>{e7d4017d-fafa-42de-afe4-edfa1f4738c0}</UniqueIdentifier>
    </Filter>
    <Filter Include="Header Files\Models">
      <UniqueIdentifier>{5d0306fd-8150-49b6-96e2-78d216ecd4d2}</UniqueIdentifier>
    </Filter>
    <Filter Include="Header Files\Views\Profile">
      <UniqueIdentifier>{1e02cb89-2b47-46ae-a11b-133b5462b0d5}</UniqueIdentifier>
    </Filter>
    <Filter Include="Source Files\Views\Profile">
      <UniqueIdentifier>{71831482-064f-43dd-908a-c045bf066b77}</UniqueIdentifier>
    </Filter>
    <Filter Include="Header Files\Components">
      <UniqueIdentifier>{710bbdae-c2c7-4372-b723-cf5de9eb31bc}</UniqueIdentifier>
    </Filter>
    <Filter Include="Source Files\Components">
      <UniqueIdentifier>{6da508d5-ce41-4a90-bd70-51fa36c87e62}</UniqueIdentifier>
    </Filter>
    <Filter Include="Header Files\Components\Button">
      <UniqueIdentifier>{5e50dc3b-a811-4284-84fc-3190b12e9359}</UniqueIdentifier>
    </Filter>
    <Filter Include="Header Files\Components\TempChart">
      <UniqueIdentifier>{d7983762-0e6d-48ac-a72b-e29a8846a4d1}</UniqueIdentifier>
    </Filter>
    <Filter Include="Source Files\Components\Button">
      <UniqueIdentifier>{bf6234fb-97c0-450b-aa30-bbacf0bfbaa3}</UniqueIdentifier>
    </Filter>
    <Filter Include="Source Files\Components\TempChart">
      <UniqueIdentifier>{40166a75-5f2b-463f-a5b9-3ef02de2f9f2}</UniqueIdentifier>
    </Filter>
    <Filter Include="Source Files\Display Interface">
      <UniqueIdentifier>{54ad98db-9644-4710-8423-9111dbfa33c9}</UniqueIdentifier>
    </Filter>
    <Filter Include="Header Files\Components\KeyValue">
      <UniqueIdentifier>{0a772905-d6d1-4ade-bb36-1f16abe55c1d}</UniqueIdentifier>
    </Filter>
    <Filter Include="Source Files\Components\KeyVal">
      <UniqueIdentifier>{dbb9845c-818b-4ddc-8863-6bcc982deb4a}</UniqueIdentifier>
    </Filter>
  </ItemGroup>
  <ItemGroup>
    <None Include="openbake-fw.ino" />
    <None Include="src\arduino folders read me.txt">
      <Filter>Misc Files</Filter>
    </None>
  </ItemGroup>
  <ItemGroup>
    <ClInclude Include="__vm\.openbake-fw.vsarduino.h">
      <Filter>Header Files</Filter>
    </ClInclude>
    <ClInclude Include="View.h">
      <Filter>Header Files\Display Interface</Filter>
    </ClInclude>
    <ClInclude Include="Theme.h">
      <Filter>Header Files\Display Interface</Filter>
    </ClInclude>
    <ClInclude Include="ViewUtils.h">
      <Filter>Header Files\Display Interface</Filter>
    </ClInclude>
    <ClInclude Include="Config.h">
      <Filter>Header Files</Filter>
    </ClInclude>
    <ClInclude Include="MainView.h">
      <Filter>Header Files\Views\Main</Filter>
    </ClInclude>
    <ClInclude Include="ConfigView.h">
      <Filter>Header Files\Views\Config</Filter>
    </ClInclude>
    <ClInclude Include="ConfigNode.h">
      <Filter>Header Files\Views\Config</Filter>
    </ClInclude>
    <ClInclude Include="ConfigListItem.h">
      <Filter>Header Files\Views\Config</Filter>
    </ClInclude>
    <ClInclude Include="SplashView.h">
      <Filter>Header Files\Views\Splash</Filter>
    </ClInclude>
    <ClInclude Include="AppState.h">
      <Filter>Header Files\Models</Filter>
    </ClInclude>
    <ClInclude Include="SolderProfile.h">
      <Filter>Header Files\Models</Filter>
    </ClInclude>
    <ClInclude Include="ProfileView.h">
      <Filter>Header Files\Views\Profile</Filter>
    </ClInclude>
    <ClInclude Include="Button.h">
      <Filter>Header Files\Components\Button</Filter>
    </ClInclude>
    <ClInclude Include="TempChart.h">
      <Filter>Header Files\Components\TempChart</Filter>
    </ClInclude>
    <ClInclude Include="KeyVal.h">
      <Filter>Header Files\Components\KeyValue</Filter>
    </ClInclude>
  </ItemGroup>
  <ItemGroup>
    <ClCompile Include="View.cpp">
      <Filter>Source Files\Display Interface</Filter>
    </ClCompile>
    <ClCompile Include="ViewUtils.cpp">
      <Filter>Source Files\Display Interface</Filter>
    </ClCompile>
    <ClCompile Include="ConfigView.cpp">
      <Filter>Source Files\Views\Config</Filter>
    </ClCompile>
    <ClCompile Include="MainView.cpp">
      <Filter>Source Files\Views\Main</Filter>
    </ClCompile>
    <ClCompile Include="ConfigNode.cpp">
      <Filter>Source Files\Views\Config</Filter>
    </ClCompile>
    <ClCompile Include="ConfigListItem.cpp">
      <Filter>Source Files\Views\Config</Filter>
    </ClCompile>
    <ClCompile Include="SplashView.cpp">
      <Filter>Source Files\Views\Splash</Filter>
    </ClCompile>
    <ClCompile Include="AppState.cpp">
      <Filter>Source Files\Models</Filter>
    </ClCompile>
    <ClCompile Include="SolderProfile.cpp">
      <Filter>Source Files\Models</Filter>
    </ClCompile>
    <ClCompile Include="ProfileView.cpp">
      <Filter>Source Files\Views\Profile</Filter>
    </ClCompile>
    <ClCompile Include="Button.cpp">
      <Filter>Source Files\Components\Button</Filter>
    </ClCompile>
    <ClCompile Include="TempChart.cpp">
      <Filter>Source Files\Components\TempChart</Filter>
    </ClCompile>
    <ClCompile Include="KeyVal.cpp">
      <Filter>Source Files\Components\KeyVal</Filter>
    </ClCompile>
  </ItemGroup>
</Project>